// !$*UTF8*$!
{
	archiveVersion = 1;
	classes = {
	};
	objectVersion = 46;
	objects = {

/* Begin PBXBuildFile section */
		A963D3221D6C30090065A119 /* AppDelegate.m in Sources */ = {isa = PBXBuildFile; fileRef = A963D3211D6C30090065A119 /* AppDelegate.m */; };
		A963D3281D6C30090065A119 /* ViewController.m in Sources */ = {isa = PBXBuildFile; fileRef = A963D3271D6C30090065A119 /* ViewController.m */; };
		A963D32A1D6C300A0065A119 /* Assets.xcassets in Resources */ = {isa = PBXBuildFile; fileRef = A963D3291D6C300A0065A119 /* Assets.xcassets */; };
		A963D32D1D6C300A0065A119 /* Main.storyboard in Resources */ = {isa = PBXBuildFile; fileRef = A963D32B1D6C300A0065A119 /* Main.storyboard */; };
		A963D3381D6C300A0065A119 /* CTCI_CH4s3Tests.m in Sources */ = {isa = PBXBuildFile; fileRef = A963D3371D6C300A0065A119 /* CTCI_CH4s3Tests.m */; };
		A963D3431D6C300A0065A119 /* CTCI_CH4s3UITests.m in Sources */ = {isa = PBXBuildFile; fileRef = A963D3421D6C300A0065A119 /* CTCI_CH4s3UITests.m */; };
		A963D3511D6C30240065A119 /* main.cpp in Sources */ = {isa = PBXBuildFile; fileRef = A963D3501D6C30240065A119 /* main.cpp */; };
/* End PBXBuildFile section */

/* Begin PBXContainerItemProxy section */
		A963D3341D6C300A0065A119 /* PBXContainerItemProxy */ = {
			isa = PBXContainerItemProxy;
			containerPortal = A963D3151D6C30090065A119 /* Project object */;
			proxyType = 1;
			remoteGlobalIDString = A963D31C1D6C30090065A119;
			remoteInfo = "CTCI-CH4s3";
		};
		A963D33F1D6C300A0065A119 /* PBXContainerItemProxy */ = {
			isa = PBXContainerItemProxy;
			containerPortal = A963D3151D6C30090065A119 /* Project object */;
			proxyType = 1;
			remoteGlobalIDString = A963D31C1D6C30090065A119;
			remoteInfo = "CTCI-CH4s3";
		};
/* End PBXContainerItemProxy section */

/* Begin PBXFileReference section */
		A963D31D1D6C30090065A119 /* CTCI-CH4s3.app */ = {isa = PBXFileReference; explicitFileType = wrapper.application; includeInIndex = 0; path = "CTCI-CH4s3.app"; sourceTree = BUILT_PRODUCTS_DIR; };
		A963D3201D6C30090065A119 /* AppDelegate.h */ = {isa = PBXFileReference; lastKnownFileType = sourcecode.c.h; path = AppDelegate.h; sourceTree = "<group>"; };
		A963D3211D6C30090065A119 /* AppDelegate.m */ = {isa = PBXFileReference; lastKnownFileType = sourcecode.c.objc; path = AppDelegate.m; sourceTree = "<group>"; };
		A963D3261D6C30090065A119 /* ViewController.h */ = {isa = PBXFileReference; lastKnownFileType = sourcecode.c.h; path = ViewController.h; sourceTree = "<group>"; };
		A963D3271D6C30090065A119 /* ViewController.m */ = {isa = PBXFileReference; lastKnownFileType = sourcecode.c.objc; path = ViewController.m; sourceTree = "<group>"; };
		A963D3291D6C300A0065A119 /* Assets.xcassets */ = {isa = PBXFileReference; lastKnownFileType = folder.assetcatalog; path = Assets.xcassets; sourceTree = "<group>"; };
		A963D32C1D6C300A0065A119 /* Base */ = {isa = PBXFileReference; lastKnownFileType = file.storyboard; name = Base; path = Base.lproj/Main.storyboard; sourceTree = "<group>"; };
		A963D32E1D6C300A0065A119 /* Info.plist */ = {isa = PBXFileReference; lastKnownFileType = text.plist.xml; path = Info.plist; sourceTree = "<group>"; };
		A963D3331D6C300A0065A119 /* CTCI-CH4s3Tests.xctest */ = {isa = PBXFileReference; explicitFileType = wrapper.cfbundle; includeInIndex = 0; path = "CTCI-CH4s3Tests.xctest"; sourceTree = BUILT_PRODUCTS_DIR; };
		A963D3371D6C300A0065A119 /* CTCI_CH4s3Tests.m */ = {isa = PBXFileReference; lastKnownFileType = sourcecode.c.objc; path = CTCI_CH4s3Tests.m; sourceTree = "<group>"; };
		A963D3391D6C300A0065A119 /* Info.plist */ = {isa = PBXFileReference; lastKnownFileType = text.plist.xml; path = Info.plist; sourceTree = "<group>"; };
		A963D33E1D6C300A0065A119 /* CTCI-CH4s3UITests.xctest */ = {isa = PBXFileReference; explicitFileType = wrapper.cfbundle; includeInIndex = 0; path = "CTCI-CH4s3UITests.xctest"; sourceTree = BUILT_PRODUCTS_DIR; };
		A963D3421D6C300A0065A119 /* CTCI_CH4s3UITests.m */ = {isa = PBXFileReference; lastKnownFileType = sourcecode.c.objc; path = CTCI_CH4s3UITests.m; sourceTree = "<group>"; };
		A963D3441D6C300A0065A119 /* Info.plist */ = {isa = PBXFileReference; lastKnownFileType = text.plist.xml; path = Info.plist; sourceTree = "<group>"; };
		A963D3501D6C30240065A119 /* main.cpp */ = {isa = PBXFileReference; fileEncoding = 4; lastKnownFileType = sourcecode.cpp.cpp; path = main.cpp; sourceTree = "<group>"; };
/* End PBXFileReference section */

/* Begin PBXFrameworksBuildPhase section */
		A963D31A1D6C30090065A119 /* Frameworks */ = {
			isa = PBXFrameworksBuildPhase;
			buildActionMask = 2147483647;
			files = (
			);
			runOnlyForDeploymentPostprocessing = 0;
		};
		A963D3301D6C300A0065A119 /* Frameworks */ = {
			isa = PBXFrameworksBuildPhase;
			buildActionMask = 2147483647;
			files = (
			);
			runOnlyForDeploymentPostprocessing = 0;
		};
		A963D33B1D6C300A0065A119 /* Frameworks */ = {
			isa = PBXFrameworksBuildPhase;
			buildActionMask = 2147483647;
			files = (
			);
			runOnlyForDeploymentPostprocessing = 0;
		};
/* End PBXFrameworksBuildPhase section */

/* Begin PBXGroup section */
		A963D3141D6C30090065A119 = {
			isa = PBXGroup;
			children = (
				A963D3501D6C30240065A119 /* main.cpp */,
				A963D31F1D6C30090065A119 /* CTCI-CH4s3 */,
				A963D3361D6C300A0065A119 /* CTCI-CH4s3Tests */,
				A963D3411D6C300A0065A119 /* CTCI-CH4s3UITests */,
				A963D31E1D6C30090065A119 /* Products */,
			);
			sourceTree = "<group>";
		};
		A963D31E1D6C30090065A119 /* Products */ = {
			isa = PBXGroup;
			children = (
				A963D31D1D6C30090065A119 /* CTCI-CH4s3.app */,
				A963D3331D6C300A0065A119 /* CTCI-CH4s3Tests.xctest */,
				A963D33E1D6C300A0065A119 /* CTCI-CH4s3UITests.xctest */,
			);
			name = Products;
			sourceTree = "<group>";
		};
		A963D31F1D6C30090065A119 /* CTCI-CH4s3 */ = {
			isa = PBXGroup;
			children = (
				A963D3201D6C30090065A119 /* AppDelegate.h */,
				A963D3211D6C30090065A119 /* AppDelegate.m */,
				A963D3261D6C30090065A119 /* ViewController.h */,
				A963D3271D6C30090065A119 /* ViewController.m */,
				A963D3291D6C300A0065A119 /* Assets.xcassets */,
				A963D32B1D6C300A0065A119 /* Main.storyboard */,
				A963D32E1D6C300A0065A119 /* Info.plist */,
				A963D3231D6C30090065A119 /* Supporting Files */,
			);
			path = "CTCI-CH4s3";
			sourceTree = "<group>";
		};
		A963D3231D6C30090065A119 /* Supporting Files */ = {
			isa = PBXGroup;
			children = (
			);
			name = "Supporting Files";
			sourceTree = "<group>";
		};
		A963D3361D6C300A0065A119 /* CTCI-CH4s3Tests */ = {
			isa = PBXGroup;
			children = (
				A963D3371D6C300A0065A119 /* CTCI_CH4s3Tests.m */,
				A963D3391D6C300A0065A119 /* Info.plist */,
			);
			path = "CTCI-CH4s3Tests";
			sourceTree = "<group>";
		};
		A963D3411D6C300A0065A119 /* CTCI-CH4s3UITests */ = {
			isa = PBXGroup;
			children = (
				A963D3421D6C300A0065A119 /* CTCI_CH4s3UITests.m */,
				A963D3441D6C300A0065A119 /* Info.plist */,
			);
			path = "CTCI-CH4s3UITests";
			sourceTree = "<group>";
		};
/* End PBXGroup section */

/* Begin PBXNativeTarget section */
		A963D31C1D6C30090065A119 /* CTCI-CH4s3 */ = {
			isa = PBXNativeTarget;
			buildConfigurationList = A963D3471D6C300A0065A119 /* Build configuration list for PBXNativeTarget "CTCI-CH4s3" */;
			buildPhases = (
				A963D3191D6C30090065A119 /* Sources */,
				A963D31A1D6C30090065A119 /* Frameworks */,
				A963D31B1D6C30090065A119 /* Resources */,
			);
			buildRules = (
			);
			dependencies = (
			);
			name = "CTCI-CH4s3";
			productName = "CTCI-CH4s3";
			productReference = A963D31D1D6C30090065A119 /* CTCI-CH4s3.app */;
			productType = "com.apple.product-type.application";
		};
		A963D3321D6C300A0065A119 /* CTCI-CH4s3Tests */ = {
			isa = PBXNativeTarget;
			buildConfigurationList = A963D34A1D6C300A0065A119 /* Build configuration list for PBXNativeTarget "CTCI-CH4s3Tests" */;
			buildPhases = (
				A963D32F1D6C300A0065A119 /* Sources */,
				A963D3301D6C300A0065A119 /* Frameworks */,
				A963D3311D6C300A0065A119 /* Resources */,
			);
			buildRules = (
			);
			dependencies = (
				A963D3351D6C300A0065A119 /* PBXTargetDependency */,
			);
			name = "CTCI-CH4s3Tests";
			productName = "CTCI-CH4s3Tests";
			productReference = A963D3331D6C300A0065A119 /* CTCI-CH4s3Tests.xctest */;
			productType = "com.apple.product-type.bundle.unit-test";
		};
		A963D33D1D6C300A0065A119 /* CTCI-CH4s3UITests */ = {
			isa = PBXNativeTarget;
			buildConfigurationList = A963D34D1D6C300A0065A119 /* Build configuration list for PBXNativeTarget "CTCI-CH4s3UITests" */;
			buildPhases = (
				A963D33A1D6C300A0065A119 /* Sources */,
				A963D33B1D6C300A0065A119 /* Frameworks */,
				A963D33C1D6C300A0065A119 /* Resources */,
			);
			buildRules = (
			);
			dependencies = (
				A963D3401D6C300A0065A119 /* PBXTargetDependency */,
			);
			name = "CTCI-CH4s3UITests";
			productName = "CTCI-CH4s3UITests";
			productReference = A963D33E1D6C300A0065A119 /* CTCI-CH4s3UITests.xctest */;
			productType = "com.apple.product-type.bundle.ui-testing";
		};
/* End PBXNativeTarget section */

/* Begin PBXProject section */
		A963D3151D6C30090065A119 /* Project object */ = {
			isa = PBXProject;
			attributes = {
				LastUpgradeCheck = 0730;
				ORGANIZATIONNAME = EllenHu;
				TargetAttributes = {
					A963D31C1D6C30090065A119 = {
						CreatedOnToolsVersion = 7.3.1;
					};
					A963D3321D6C300A0065A119 = {
						CreatedOnToolsVersion = 7.3.1;
						TestTargetID = A963D31C1D6C30090065A119;
					};
					A963D33D1D6C300A0065A119 = {
						CreatedOnToolsVersion = 7.3.1;
						TestTargetID = A963D31C1D6C30090065A119;
					};
				};
			};
			buildConfigurationList = A963D3181D6C30090065A119 /* Build configuration list for PBXProject "CTCI-CH4s3" */;
			compatibilityVersion = "Xcode 3.2";
			developmentRegion = English;
			hasScannedForEncodings = 0;
			knownRegions = (
				en,
				Base,
			);
			mainGroup = A963D3141D6C30090065A119;
			productRefGroup = A963D31E1D6C30090065A119 /* Products */;
			projectDirPath = "";
			projectRoot = "";
			targets = (
				A963D31C1D6C30090065A119 /* CTCI-CH4s3 */,
				A963D3321D6C300A0065A119 /* CTCI-CH4s3Tests */,
				A963D33D1D6C300A0065A119 /* CTCI-CH4s3UITests */,
			);
		};
/* End PBXProject section */

/* Begin PBXResourcesBuildPhase section */
		A963D31B1D6C30090065A119 /* Resources */ = {
			isa = PBXResourcesBuildPhase;
			buildActionMask = 2147483647;
			files = (
				A963D32A1D6C300A0065A119 /* Assets.xcassets in Resources */,
				A963D32D1D6C300A0065A119 /* Main.storyboard in Resources */,
			);
			runOnlyForDeploymentPostprocessing = 0;
		};
		A963D3311D6C300A0065A119 /* Resources */ = {
			isa = PBXResourcesBuildPhase;
			buildActionMask = 2147483647;
			files = (
			);
			runOnlyForDeploymentPostprocessing = 0;
		};
		A963D33C1D6C300A0065A119 /* Resources */ = {
			isa = PBXResourcesBuildPhase;
			buildActionMask = 2147483647;
			files = (
			);
			runOnlyForDeploymentPostprocessing = 0;
		};
/* End PBXResourcesBuildPhase section */

/* Begin PBXSourcesBuildPhase section */
		A963D3191D6C30090065A119 /* Sources */ = {
			isa = PBXSourcesBuildPhase;
			buildActionMask = 2147483647;
			files = (
				A963D3281D6C30090065A119 /* ViewController.m in Sources */,
				A963D3221D6C30090065A119 /* AppDelegate.m in Sources */,
				A963D3511D6C30240065A119 /* main.cpp in Sources */,
			);
			runOnlyForDeploymentPostprocessing = 0;
		};
		A963D32F1D6C300A0065A119 /* Sources */ = {
			isa = PBXSourcesBuildPhase;
			buildActionMask = 2147483647;
			files = (
				A963D3381D6C300A0065A119 /* CTCI_CH4s3Tests.m in Sources */,
			);
			runOnlyForDeploymentPostprocessing = 0;
		};
		A963D33A1D6C300A0065A119 /* Sources */ = {
			isa = PBXSourcesBuildPhase;
			buildActionMask = 2147483647;
			files = (
				A963D3431D6C300A0065A119 /* CTCI_CH4s3UITests.m in Sources */,
			);
			runOnlyForDeploymentPostprocessing = 0;
		};
/* End PBXSourcesBuildPhase section */

/* Begin PBXTargetDependency section */
		A963D3351D6C300A0065A119 /* PBXTargetDependency */ = {
			isa = PBXTargetDependency;
			target = A963D31C1D6C30090065A119 /* CTCI-CH4s3 */;
			targetProxy = A963D3341D6C300A0065A119 /* PBXContainerItemProxy */;
		};
		A963D3401D6C300A0065A119 /* PBXTargetDependency */ = {
			isa = PBXTargetDependency;
			target = A963D31C1D6C30090065A119 /* CTCI-CH4s3 */;
			targetProxy = A963D33F1D6C300A0065A119 /* PBXContainerItemProxy */;
		};
/* End PBXTargetDependency section */

/* Begin PBXVariantGroup section */
		A963D32B1D6C300A0065A119 /* Main.storyboard */ = {
			isa = PBXVariantGroup;
			children = (
				A963D32C1D6C300A0065A119 /* Base */,
			);
			name = Main.storyboard;
			sourceTree = "<group>";
		};
/* End PBXVariantGroup section */

/* Begin XCBuildConfiguration section */
		A963D3451D6C300A0065A119 /* Debug */ = {
			isa = XCBuildConfiguration;
			buildSettings = {
				ALWAYS_SEARCH_USER_PATHS = NO;
				CLANG_ANALYZER_NONNULL = YES;
				CLANG_CXX_LANGUAGE_STANDARD = "gnu++0x";
				CLANG_CXX_LIBRARY = "libc++";
				CLANG_ENABLE_MODULES = YES;
				CLANG_ENABLE_OBJC_ARC = YES;
				CLANG_WARN_BOOL_CONVERSION = YES;
				CLANG_WARN_CONSTANT_CONVERSION = YES;
				CLANG_WARN_DIRECT_OBJC_ISA_USAGE = YES_ERROR;
				CLANG_WARN_EMPTY_BODY = YES;
				CLANG_WARN_ENUM_CONVERSION = YES;
				CLANG_WARN_INT_CONVERSION = YES;
				CLANG_WARN_OBJC_ROOT_CLASS = YES_ERROR;
				CLANG_WARN_UNREACHABLE_CODE = YES;
				CLANG_WARN__DUPLICATE_METHOD_MATCH = YES;
				CODE_SIGN_IDENTITY = "-";
				COPY_PHASE_STRIP = NO;
				DEBUG_INFORMATION_FORMAT = dwarf;
				ENABLE_STRICT_OBJC_MSGSEND = YES;
				ENABLE_TESTABILITY = YES;
				GCC_C_LANGUAGE_STANDARD = gnu99;
				GCC_DYNAMIC_NO_PIC = NO;
				GCC_NO_COMMON_BLOCKS = YES;
				GCC_OPTIMIZATION_LEVEL = 0;
				GCC_PREPROCESSOR_DEFINITIONS = (
					"DEBUG=1",
					"$(inherited)",
				);
				GCC_WARN_64_TO_32_BIT_CONVERSION = YES;
				GCC_WARN_ABOUT_RETURN_TYPE = YES_ERROR;
				GCC_WARN_UNDECLARED_SELECTOR = YES;
				GCC_WARN_UNINITIALIZED_AUTOS = YES_AGGRESSIVE;
				GCC_WARN_UNUSED_FUNCTION = YES;
				GCC_WARN_UNUSED_VARIABLE = YES;
				MACOSX_DEPLOYMENT_TARGET = 10.11;
				MTL_ENABLE_DEBUG_INFO = YES;
				ONLY_ACTIVE_ARCH = YES;
				SDKROOT = macosx;
			};
			name = Debug;
		};
		A963D3461D6C300A0065A119 /* Release */ = {
			isa = XCBuildConfiguration;
			buildSettings = {
				ALWAYS_SEARCH_USER_PATHS = NO;
				CLANG_ANALYZER_NONNULL = YES;
				CLANG_CXX_LANGUAGE_STANDARD = "gnu++0x";
				CLANG_CXX_LIBRARY = "libc++";
				CLANG_ENABLE_MODULES = YES;
				CLANG_ENABLE_OBJC_ARC = YES;
				CLANG_WARN_BOOL_CONVERSION = YES;
				CLANG_WARN_CONSTANT_CONVERSION = YES;
				CLANG_WARN_DIRECT_OBJC_ISA_USAGE = YES_ERROR;
				CLANG_WARN_EMPTY_BODY = YES;
				CLANG_WARN_ENUM_CONVERSION = YES;
				CLANG_WARN_INT_CONVERSION = YES;
				CLANG_WARN_OBJC_ROOT_CLASS = YES_ERROR;
				CLANG_WARN_UNREACHABLE_CODE = YES;
				CLANG_WARN__DUPLICATE_METHOD_MATCH = YES;
				CODE_SIGN_IDENTITY = "-";
				COPY_PHASE_STRIP = NO;
				DEBUG_INFORMATION_FORMAT = "dwarf-with-dsym";
				ENABLE_NS_ASSERTIONS = NO;
				ENABLE_STRICT_OBJC_MSGSEND = YES;
				GCC_C_LANGUAGE_STANDARD = gnu99;
				GCC_NO_COMMON_BLOCKS = YES;
				GCC_WARN_64_TO_32_BIT_CONVERSION = YES;
				GCC_WARN_ABOUT_RETURN_TYPE = YES_ERROR;
				GCC_WARN_UNDECLARED_SELECTOR = YES;
				GCC_WARN_UNINITIALIZED_AUTOS = YES_AGGRESSIVE;
				GCC_WARN_UNUSED_FUNCTION = YES;
				GCC_WARN_UNUSED_VARIABLE = YES;
				MACOSX_DEPLOYMENT_TARGET = 10.11;
				MTL_ENABLE_DEBUG_INFO = NO;
				SDKROOT = macosx;
			};
			name = Release;
		};
		A963D3481D6C300A0065A119 /* Debug */ = {
			isa = XCBuildConfiguration;
			buildSettings = {
				ASSETCATALOG_COMPILER_APPICON_NAME = AppIcon;
				COMBINE_HIDPI_IMAGES = YES;
				INFOPLIST_FILE = "CTCI-CH4s3/Info.plist";
				LD_RUNPATH_SEARCH_PATHS = "$(inherited) @executable_path/../Frameworks";
				PRODUCT_BUNDLE_IDENTIFIER = "HX.CTCI-CH4s3";
				PRODUCT_NAME = "$(TARGET_NAME)";
			};
			name = Debug;
		};
		A963D3491D6C300A0065A119 /* Release */ = {
			isa = XCBuildConfiguration;
			buildSettings = {
				ASSETCATALOG_COMPILER_APPICON_NAME = AppIcon;
				COMBINE_HIDPI_IMAGES = YES;
				INFOPLIST_FILE = "CTCI-CH4s3/Info.plist";
				LD_RUNPATH_SEARCH_PATHS = "$(inherited) @executable_path/../Frameworks";
				PRODUCT_BUNDLE_IDENTIFIER = "HX.CTCI-CH4s3";
				PRODUCT_NAME = "$(TARGET_NAME)";
			};
			name = Release;
		};
		A963D34B1D6C300A0065A119 /* Debug */ = {
			isa = XCBuildConfiguration;
			buildSettings = {
				BUNDLE_LOADER = "$(TEST_HOST)";
				COMBINE_HIDPI_IMAGES = YES;
				INFOPLIST_FILE = "CTCI-CH4s3Tests/Info.plist";
				LD_RUNPATH_SEARCH_PATHS = "$(inherited) @executable_path/../Frameworks @loader_path/../Frameworks";
				PRODUCT_BUNDLE_IDENTIFIER = "HX.CTCI-CH4s3Tests";
				PRODUCT_NAME = "$(TARGET_NAME)";
				TEST_HOST = "$(BUILT_PRODUCTS_DIR)/CTCI-CH4s3.app/Contents/MacOS/CTCI-CH4s3";
			};
			name = Debug;
		};
		A963D34C1D6C300A0065A119 /* Release */ = {
			isa = XCBuildConfiguration;
			buildSettings = {
				BUNDLE_LOADER = "$(TEST_HOST)";
				COMBINE_HIDPI_IMAGES = YES;
				INFOPLIST_FILE = "CTCI-CH4s3Tests/Info.plist";
				LD_RUNPATH_SEARCH_PATHS = "$(inherited) @executable_path/../Frameworks @loader_path/../Frameworks";
				PRODUCT_BUNDLE_IDENTIFIER = "HX.CTCI-CH4s3Tests";
				PRODUCT_NAME = "$(TARGET_NAME)";
				TEST_HOST = "$(BUILT_PRODUCTS_DIR)/CTCI-CH4s3.app/Contents/MacOS/CTCI-CH4s3";
			};
			name = Release;
		};
		A963D34E1D6C300A0065A119 /* Debug */ = {
			isa = XCBuildConfiguration;
			buildSettings = {
				COMBINE_HIDPI_IMAGES = YES;
				INFOPLIST_FILE = "CTCI-CH4s3UITests/Info.plist";
				LD_RUNPATH_SEARCH_PATHS = "$(inherited) @executable_path/../Frameworks @loader_path/../Frameworks";
				PRODUCT_BUNDLE_IDENTIFIER = "HX.CTCI-CH4s3UITests";
				PRODUCT_NAME = "$(TARGET_NAME)";
				TEST_TARGET_NAME = "CTCI-CH4s3";
			};
			name = Debug;
		};
		A963D34F1D6C300A0065A119 /* Release */ = {
			isa = XCBuildConfiguration;
			buildSettings = {
				COMBINE_HIDPI_IMAGES = YES;
				INFOPLIST_FILE = "CTCI-CH4s3UITests/Info.plist";
				LD_RUNPATH_SEARCH_PATHS = "$(inherited) @executable_path/../Frameworks @loader_path/../Frameworks";
				PRODUCT_BUNDLE_IDENTIFIER = "HX.CTCI-CH4s3UITests";
				PRODUCT_NAME = "$(TARGET_NAME)";
				TEST_TARGET_NAME = "CTCI-CH4s3";
			};
			name = Release;
		};
/* End XCBuildConfiguration section */

/* Begin XCConfigurationList section */
		A963D3181D6C30090065A119 /* Build configuration list for PBXProject "CTCI-CH4s3" */ = {
			isa = XCConfigurationList;
			buildConfigurations = (
				A963D3451D6C300A0065A119 /* Debug */,
				A963D3461D6C300A0065A119 /* Release */,
			);
			defaultConfigurationIsVisible = 0;
			defaultConfigurationName = Release;
		};
		A963D3471D6C300A0065A119 /* Build configuration list for PBXNativeTarget "CTCI-CH4s3" */ = {
			isa = XCConfigurationList;
			buildConfigurations = (
				A963D3481D6C300A0065A119 /* Debug */,
				A963D3491D6C300A0065A119 /* Release */,
			);
			defaultConfigurationIsVisible = 0;
		};
		A963D34A1D6C300A0065A119 /* Build configuration list for PBXNativeTarget "CTCI-CH4s3Tests" */ = {
			isa = XCConfigurationList;
			buildConfigurations = (
				A963D34B1D6C300A0065A119 /* Debug */,
				A963D34C1D6C300A0065A119 /* Release */,
			);
			defaultConfigurationIsVisible = 0;
		};
		A963D34D1D6C300A0065A119 /* Build configuration list for PBXNativeTarget "CTCI-CH4s3UITests" */ = {
			isa = XCConfigurationList;
			buildConfigurations = (
				A963D34E1D6C300A0065A119 /* Debug */,
				A963D34F1D6C300A0065A119 /* Release */,
			);
			defaultConfigurationIsVisible = 0;
		};
/* End XCConfigurationList section */
	};
	rootObject = A963D3151D6C30090065A119 /* Project object */;
}
