// !$*UTF8*$!
{
	archiveVersion = 1;
	classes = {
	};
	objectVersion = 46;
	objects = {

/* Begin PBXBuildFile section */
		A9F8C3241D6301F8004A9895 /* AppDelegate.m in Sources */ = {isa = PBXBuildFile; fileRef = A9F8C3231D6301F8004A9895 /* AppDelegate.m */; };
		A9F8C32A1D6301F8004A9895 /* ViewController.m in Sources */ = {isa = PBXBuildFile; fileRef = A9F8C3291D6301F8004A9895 /* ViewController.m */; };
		A9F8C32C1D6301F8004A9895 /* Assets.xcassets in Resources */ = {isa = PBXBuildFile; fileRef = A9F8C32B1D6301F8004A9895 /* Assets.xcassets */; };
		A9F8C32F1D6301F8004A9895 /* Main.storyboard in Resources */ = {isa = PBXBuildFile; fileRef = A9F8C32D1D6301F8004A9895 /* Main.storyboard */; };
		A9F8C33A1D6301F8004A9895 /* CTCI_ch3s5Tests.m in Sources */ = {isa = PBXBuildFile; fileRef = A9F8C3391D6301F8004A9895 /* CTCI_ch3s5Tests.m */; };
		A9F8C3451D6301F8004A9895 /* CTCI_ch3s5UITests.m in Sources */ = {isa = PBXBuildFile; fileRef = A9F8C3441D6301F8004A9895 /* CTCI_ch3s5UITests.m */; };
		A9F8C3531D63020E004A9895 /* main.cpp in Sources */ = {isa = PBXBuildFile; fileRef = A9F8C3521D63020E004A9895 /* main.cpp */; };
/* End PBXBuildFile section */

/* Begin PBXContainerItemProxy section */
		A9F8C3361D6301F8004A9895 /* PBXContainerItemProxy */ = {
			isa = PBXContainerItemProxy;
			containerPortal = A9F8C3171D6301F8004A9895 /* Project object */;
			proxyType = 1;
			remoteGlobalIDString = A9F8C31E1D6301F8004A9895;
			remoteInfo = "CTCI-ch3s5";
		};
		A9F8C3411D6301F8004A9895 /* PBXContainerItemProxy */ = {
			isa = PBXContainerItemProxy;
			containerPortal = A9F8C3171D6301F8004A9895 /* Project object */;
			proxyType = 1;
			remoteGlobalIDString = A9F8C31E1D6301F8004A9895;
			remoteInfo = "CTCI-ch3s5";
		};
/* End PBXContainerItemProxy section */

/* Begin PBXFileReference section */
		A9F8C31F1D6301F8004A9895 /* CTCI-ch3s5.app */ = {isa = PBXFileReference; explicitFileType = wrapper.application; includeInIndex = 0; path = "CTCI-ch3s5.app"; sourceTree = BUILT_PRODUCTS_DIR; };
		A9F8C3221D6301F8004A9895 /* AppDelegate.h */ = {isa = PBXFileReference; lastKnownFileType = sourcecode.c.h; path = AppDelegate.h; sourceTree = "<group>"; };
		A9F8C3231D6301F8004A9895 /* AppDelegate.m */ = {isa = PBXFileReference; lastKnownFileType = sourcecode.c.objc; path = AppDelegate.m; sourceTree = "<group>"; };
		A9F8C3281D6301F8004A9895 /* ViewController.h */ = {isa = PBXFileReference; lastKnownFileType = sourcecode.c.h; path = ViewController.h; sourceTree = "<group>"; };
		A9F8C3291D6301F8004A9895 /* ViewController.m */ = {isa = PBXFileReference; lastKnownFileType = sourcecode.c.objc; path = ViewController.m; sourceTree = "<group>"; };
		A9F8C32B1D6301F8004A9895 /* Assets.xcassets */ = {isa = PBXFileReference; lastKnownFileType = folder.assetcatalog; path = Assets.xcassets; sourceTree = "<group>"; };
		A9F8C32E1D6301F8004A9895 /* Base */ = {isa = PBXFileReference; lastKnownFileType = file.storyboard; name = Base; path = Base.lproj/Main.storyboard; sourceTree = "<group>"; };
		A9F8C3301D6301F8004A9895 /* Info.plist */ = {isa = PBXFileReference; lastKnownFileType = text.plist.xml; path = Info.plist; sourceTree = "<group>"; };
		A9F8C3351D6301F8004A9895 /* CTCI-ch3s5Tests.xctest */ = {isa = PBXFileReference; explicitFileType = wrapper.cfbundle; includeInIndex = 0; path = "CTCI-ch3s5Tests.xctest"; sourceTree = BUILT_PRODUCTS_DIR; };
		A9F8C3391D6301F8004A9895 /* CTCI_ch3s5Tests.m */ = {isa = PBXFileReference; lastKnownFileType = sourcecode.c.objc; path = CTCI_ch3s5Tests.m; sourceTree = "<group>"; };
		A9F8C33B1D6301F8004A9895 /* Info.plist */ = {isa = PBXFileReference; lastKnownFileType = text.plist.xml; path = Info.plist; sourceTree = "<group>"; };
		A9F8C3401D6301F8004A9895 /* CTCI-ch3s5UITests.xctest */ = {isa = PBXFileReference; explicitFileType = wrapper.cfbundle; includeInIndex = 0; path = "CTCI-ch3s5UITests.xctest"; sourceTree = BUILT_PRODUCTS_DIR; };
		A9F8C3441D6301F8004A9895 /* CTCI_ch3s5UITests.m */ = {isa = PBXFileReference; lastKnownFileType = sourcecode.c.objc; path = CTCI_ch3s5UITests.m; sourceTree = "<group>"; };
		A9F8C3461D6301F8004A9895 /* Info.plist */ = {isa = PBXFileReference; lastKnownFileType = text.plist.xml; path = Info.plist; sourceTree = "<group>"; };
		A9F8C3521D63020E004A9895 /* main.cpp */ = {isa = PBXFileReference; fileEncoding = 4; lastKnownFileType = sourcecode.cpp.cpp; path = main.cpp; sourceTree = "<group>"; };
/* End PBXFileReference section */

/* Begin PBXFrameworksBuildPhase section */
		A9F8C31C1D6301F8004A9895 /* Frameworks */ = {
			isa = PBXFrameworksBuildPhase;
			buildActionMask = 2147483647;
			files = (
			);
			runOnlyForDeploymentPostprocessing = 0;
		};
		A9F8C3321D6301F8004A9895 /* Frameworks */ = {
			isa = PBXFrameworksBuildPhase;
			buildActionMask = 2147483647;
			files = (
			);
			runOnlyForDeploymentPostprocessing = 0;
		};
		A9F8C33D1D6301F8004A9895 /* Frameworks */ = {
			isa = PBXFrameworksBuildPhase;
			buildActionMask = 2147483647;
			files = (
			);
			runOnlyForDeploymentPostprocessing = 0;
		};
/* End PBXFrameworksBuildPhase section */

/* Begin PBXGroup section */
		A9F8C3161D6301F8004A9895 = {
			isa = PBXGroup;
			children = (
				A9F8C3521D63020E004A9895 /* main.cpp */,
				A9F8C3211D6301F8004A9895 /* CTCI-ch3s5 */,
				A9F8C3381D6301F8004A9895 /* CTCI-ch3s5Tests */,
				A9F8C3431D6301F8004A9895 /* CTCI-ch3s5UITests */,
				A9F8C3201D6301F8004A9895 /* Products */,
			);
			sourceTree = "<group>";
		};
		A9F8C3201D6301F8004A9895 /* Products */ = {
			isa = PBXGroup;
			children = (
				A9F8C31F1D6301F8004A9895 /* CTCI-ch3s5.app */,
				A9F8C3351D6301F8004A9895 /* CTCI-ch3s5Tests.xctest */,
				A9F8C3401D6301F8004A9895 /* CTCI-ch3s5UITests.xctest */,
			);
			name = Products;
			sourceTree = "<group>";
		};
		A9F8C3211D6301F8004A9895 /* CTCI-ch3s5 */ = {
			isa = PBXGroup;
			children = (
				A9F8C3221D6301F8004A9895 /* AppDelegate.h */,
				A9F8C3231D6301F8004A9895 /* AppDelegate.m */,
				A9F8C3281D6301F8004A9895 /* ViewController.h */,
				A9F8C3291D6301F8004A9895 /* ViewController.m */,
				A9F8C32B1D6301F8004A9895 /* Assets.xcassets */,
				A9F8C32D1D6301F8004A9895 /* Main.storyboard */,
				A9F8C3301D6301F8004A9895 /* Info.plist */,
				A9F8C3251D6301F8004A9895 /* Supporting Files */,
			);
			path = "CTCI-ch3s5";
			sourceTree = "<group>";
		};
		A9F8C3251D6301F8004A9895 /* Supporting Files */ = {
			isa = PBXGroup;
			children = (
			);
			name = "Supporting Files";
			sourceTree = "<group>";
		};
		A9F8C3381D6301F8004A9895 /* CTCI-ch3s5Tests */ = {
			isa = PBXGroup;
			children = (
				A9F8C3391D6301F8004A9895 /* CTCI_ch3s5Tests.m */,
				A9F8C33B1D6301F8004A9895 /* Info.plist */,
			);
			path = "CTCI-ch3s5Tests";
			sourceTree = "<group>";
		};
		A9F8C3431D6301F8004A9895 /* CTCI-ch3s5UITests */ = {
			isa = PBXGroup;
			children = (
				A9F8C3441D6301F8004A9895 /* CTCI_ch3s5UITests.m */,
				A9F8C3461D6301F8004A9895 /* Info.plist */,
			);
			path = "CTCI-ch3s5UITests";
			sourceTree = "<group>";
		};
/* End PBXGroup section */

/* Begin PBXNativeTarget section */
		A9F8C31E1D6301F8004A9895 /* CTCI-ch3s5 */ = {
			isa = PBXNativeTarget;
			buildConfigurationList = A9F8C3491D6301F8004A9895 /* Build configuration list for PBXNativeTarget "CTCI-ch3s5" */;
			buildPhases = (
				A9F8C31B1D6301F8004A9895 /* Sources */,
				A9F8C31C1D6301F8004A9895 /* Frameworks */,
				A9F8C31D1D6301F8004A9895 /* Resources */,
			);
			buildRules = (
			);
			dependencies = (
			);
			name = "CTCI-ch3s5";
			productName = "CTCI-ch3s5";
			productReference = A9F8C31F1D6301F8004A9895 /* CTCI-ch3s5.app */;
			productType = "com.apple.product-type.application";
		};
		A9F8C3341D6301F8004A9895 /* CTCI-ch3s5Tests */ = {
			isa = PBXNativeTarget;
			buildConfigurationList = A9F8C34C1D6301F8004A9895 /* Build configuration list for PBXNativeTarget "CTCI-ch3s5Tests" */;
			buildPhases = (
				A9F8C3311D6301F8004A9895 /* Sources */,
				A9F8C3321D6301F8004A9895 /* Frameworks */,
				A9F8C3331D6301F8004A9895 /* Resources */,
			);
			buildRules = (
			);
			dependencies = (
				A9F8C3371D6301F8004A9895 /* PBXTargetDependency */,
			);
			name = "CTCI-ch3s5Tests";
			productName = "CTCI-ch3s5Tests";
			productReference = A9F8C3351D6301F8004A9895 /* CTCI-ch3s5Tests.xctest */;
			productType = "com.apple.product-type.bundle.unit-test";
		};
		A9F8C33F1D6301F8004A9895 /* CTCI-ch3s5UITests */ = {
			isa = PBXNativeTarget;
			buildConfigurationList = A9F8C34F1D6301F8004A9895 /* Build configuration list for PBXNativeTarget "CTCI-ch3s5UITests" */;
			buildPhases = (
				A9F8C33C1D6301F8004A9895 /* Sources */,
				A9F8C33D1D6301F8004A9895 /* Frameworks */,
				A9F8C33E1D6301F8004A9895 /* Resources */,
			);
			buildRules = (
			);
			dependencies = (
				A9F8C3421D6301F8004A9895 /* PBXTargetDependency */,
			);
			name = "CTCI-ch3s5UITests";
			productName = "CTCI-ch3s5UITests";
			productReference = A9F8C3401D6301F8004A9895 /* CTCI-ch3s5UITests.xctest */;
			productType = "com.apple.product-type.bundle.ui-testing";
		};
/* End PBXNativeTarget section */

/* Begin PBXProject section */
		A9F8C3171D6301F8004A9895 /* Project object */ = {
			isa = PBXProject;
			attributes = {
				LastUpgradeCheck = 0730;
				ORGANIZATIONNAME = EllenHu;
				TargetAttributes = {
					A9F8C31E1D6301F8004A9895 = {
						CreatedOnToolsVersion = 7.3.1;
					};
					A9F8C3341D6301F8004A9895 = {
						CreatedOnToolsVersion = 7.3.1;
						TestTargetID = A9F8C31E1D6301F8004A9895;
					};
					A9F8C33F1D6301F8004A9895 = {
						CreatedOnToolsVersion = 7.3.1;
						TestTargetID = A9F8C31E1D6301F8004A9895;
					};
				};
			};
			buildConfigurationList = A9F8C31A1D6301F8004A9895 /* Build configuration list for PBXProject "CTCI-ch3s5" */;
			compatibilityVersion = "Xcode 3.2";
			developmentRegion = English;
			hasScannedForEncodings = 0;
			knownRegions = (
				en,
				Base,
			);
			mainGroup = A9F8C3161D6301F8004A9895;
			productRefGroup = A9F8C3201D6301F8004A9895 /* Products */;
			projectDirPath = "";
			projectRoot = "";
			targets = (
				A9F8C31E1D6301F8004A9895 /* CTCI-ch3s5 */,
				A9F8C3341D6301F8004A9895 /* CTCI-ch3s5Tests */,
				A9F8C33F1D6301F8004A9895 /* CTCI-ch3s5UITests */,
			);
		};
/* End PBXProject section */

/* Begin PBXResourcesBuildPhase section */
		A9F8C31D1D6301F8004A9895 /* Resources */ = {
			isa = PBXResourcesBuildPhase;
			buildActionMask = 2147483647;
			files = (
				A9F8C32C1D6301F8004A9895 /* Assets.xcassets in Resources */,
				A9F8C32F1D6301F8004A9895 /* Main.storyboard in Resources */,
			);
			runOnlyForDeploymentPostprocessing = 0;
		};
		A9F8C3331D6301F8004A9895 /* Resources */ = {
			isa = PBXResourcesBuildPhase;
			buildActionMask = 2147483647;
			files = (
			);
			runOnlyForDeploymentPostprocessing = 0;
		};
		A9F8C33E1D6301F8004A9895 /* Resources */ = {
			isa = PBXResourcesBuildPhase;
			buildActionMask = 2147483647;
			files = (
			);
			runOnlyForDeploymentPostprocessing = 0;
		};
/* End PBXResourcesBuildPhase section */

/* Begin PBXSourcesBuildPhase section */
		A9F8C31B1D6301F8004A9895 /* Sources */ = {
			isa = PBXSourcesBuildPhase;
			buildActionMask = 2147483647;
			files = (
				A9F8C32A1D6301F8004A9895 /* ViewController.m in Sources */,
				A9F8C3241D6301F8004A9895 /* AppDelegate.m in Sources */,
				A9F8C3531D63020E004A9895 /* main.cpp in Sources */,
			);
			runOnlyForDeploymentPostprocessing = 0;
		};
		A9F8C3311D6301F8004A9895 /* Sources */ = {
			isa = PBXSourcesBuildPhase;
			buildActionMask = 2147483647;
			files = (
				A9F8C33A1D6301F8004A9895 /* CTCI_ch3s5Tests.m in Sources */,
			);
			runOnlyForDeploymentPostprocessing = 0;
		};
		A9F8C33C1D6301F8004A9895 /* Sources */ = {
			isa = PBXSourcesBuildPhase;
			buildActionMask = 2147483647;
			files = (
				A9F8C3451D6301F8004A9895 /* CTCI_ch3s5UITests.m in Sources */,
			);
			runOnlyForDeploymentPostprocessing = 0;
		};
/* End PBXSourcesBuildPhase section */

/* Begin PBXTargetDependency section */
		A9F8C3371D6301F8004A9895 /* PBXTargetDependency */ = {
			isa = PBXTargetDependency;
			target = A9F8C31E1D6301F8004A9895 /* CTCI-ch3s5 */;
			targetProxy = A9F8C3361D6301F8004A9895 /* PBXContainerItemProxy */;
		};
		A9F8C3421D6301F8004A9895 /* PBXTargetDependency */ = {
			isa = PBXTargetDependency;
			target = A9F8C31E1D6301F8004A9895 /* CTCI-ch3s5 */;
			targetProxy = A9F8C3411D6301F8004A9895 /* PBXContainerItemProxy */;
		};
/* End PBXTargetDependency section */

/* Begin PBXVariantGroup section */
		A9F8C32D1D6301F8004A9895 /* Main.storyboard */ = {
			isa = PBXVariantGroup;
			children = (
				A9F8C32E1D6301F8004A9895 /* Base */,
			);
			name = Main.storyboard;
			sourceTree = "<group>";
		};
/* End PBXVariantGroup section */

/* Begin XCBuildConfiguration section */
		A9F8C3471D6301F8004A9895 /* Debug */ = {
			isa = XCBuildConfiguration;
			buildSettings = {
				ALWAYS_SEARCH_USER_PATHS = NO;
				CLANG_ANALYZER_NONNULL = YES;
				CLANG_CXX_LANGUAGE_STANDARD = "gnu++0x";
				CLANG_CXX_LIBRARY = "libc++";
				CLANG_ENABLE_MODULES = YES;
				CLANG_ENABLE_OBJC_ARC = YES;
				CLANG_WARN_BOOL_CONVERSION = YES;
				CLANG_WARN_CONSTANT_CONVERSION = YES;
				CLANG_WARN_DIRECT_OBJC_ISA_USAGE = YES_ERROR;
				CLANG_WARN_EMPTY_BODY = YES;
				CLANG_WARN_ENUM_CONVERSION = YES;
				CLANG_WARN_INT_CONVERSION = YES;
				CLANG_WARN_OBJC_ROOT_CLASS = YES_ERROR;
				CLANG_WARN_UNREACHABLE_CODE = YES;
				CLANG_WARN__DUPLICATE_METHOD_MATCH = YES;
				CODE_SIGN_IDENTITY = "-";
				COPY_PHASE_STRIP = NO;
				DEBUG_INFORMATION_FORMAT = dwarf;
				ENABLE_STRICT_OBJC_MSGSEND = YES;
				ENABLE_TESTABILITY = YES;
				GCC_C_LANGUAGE_STANDARD = gnu99;
				GCC_DYNAMIC_NO_PIC = NO;
				GCC_NO_COMMON_BLOCKS = YES;
				GCC_OPTIMIZATION_LEVEL = 0;
				GCC_PREPROCESSOR_DEFINITIONS = (
					"DEBUG=1",
					"$(inherited)",
				);
				GCC_WARN_64_TO_32_BIT_CONVERSION = YES;
				GCC_WARN_ABOUT_RETURN_TYPE = YES_ERROR;
				GCC_WARN_UNDECLARED_SELECTOR = YES;
				GCC_WARN_UNINITIALIZED_AUTOS = YES_AGGRESSIVE;
				GCC_WARN_UNUSED_FUNCTION = YES;
				GCC_WARN_UNUSED_VARIABLE = YES;
				MACOSX_DEPLOYMENT_TARGET = 10.11;
				MTL_ENABLE_DEBUG_INFO = YES;
				ONLY_ACTIVE_ARCH = YES;
				SDKROOT = macosx;
			};
			name = Debug;
		};
		A9F8C3481D6301F8004A9895 /* Release */ = {
			isa = XCBuildConfiguration;
			buildSettings = {
				ALWAYS_SEARCH_USER_PATHS = NO;
				CLANG_ANALYZER_NONNULL = YES;
				CLANG_CXX_LANGUAGE_STANDARD = "gnu++0x";
				CLANG_CXX_LIBRARY = "libc++";
				CLANG_ENABLE_MODULES = YES;
				CLANG_ENABLE_OBJC_ARC = YES;
				CLANG_WARN_BOOL_CONVERSION = YES;
				CLANG_WARN_CONSTANT_CONVERSION = YES;
				CLANG_WARN_DIRECT_OBJC_ISA_USAGE = YES_ERROR;
				CLANG_WARN_EMPTY_BODY = YES;
				CLANG_WARN_ENUM_CONVERSION = YES;
				CLANG_WARN_INT_CONVERSION = YES;
				CLANG_WARN_OBJC_ROOT_CLASS = YES_ERROR;
				CLANG_WARN_UNREACHABLE_CODE = YES;
				CLANG_WARN__DUPLICATE_METHOD_MATCH = YES;
				CODE_SIGN_IDENTITY = "-";
				COPY_PHASE_STRIP = NO;
				DEBUG_INFORMATION_FORMAT = "dwarf-with-dsym";
				ENABLE_NS_ASSERTIONS = NO;
				ENABLE_STRICT_OBJC_MSGSEND = YES;
				GCC_C_LANGUAGE_STANDARD = gnu99;
				GCC_NO_COMMON_BLOCKS = YES;
				GCC_WARN_64_TO_32_BIT_CONVERSION = YES;
				GCC_WARN_ABOUT_RETURN_TYPE = YES_ERROR;
				GCC_WARN_UNDECLARED_SELECTOR = YES;
				GCC_WARN_UNINITIALIZED_AUTOS = YES_AGGRESSIVE;
				GCC_WARN_UNUSED_FUNCTION = YES;
				GCC_WARN_UNUSED_VARIABLE = YES;
				MACOSX_DEPLOYMENT_TARGET = 10.11;
				MTL_ENABLE_DEBUG_INFO = NO;
				SDKROOT = macosx;
			};
			name = Release;
		};
		A9F8C34A1D6301F8004A9895 /* Debug */ = {
			isa = XCBuildConfiguration;
			buildSettings = {
				ASSETCATALOG_COMPILER_APPICON_NAME = AppIcon;
				COMBINE_HIDPI_IMAGES = YES;
				INFOPLIST_FILE = "CTCI-ch3s5/Info.plist";
				LD_RUNPATH_SEARCH_PATHS = "$(inherited) @executable_path/../Frameworks";
				PRODUCT_BUNDLE_IDENTIFIER = "HX.CTCI-ch3s5";
				PRODUCT_NAME = "$(TARGET_NAME)";
			};
			name = Debug;
		};
		A9F8C34B1D6301F8004A9895 /* Release */ = {
			isa = XCBuildConfiguration;
			buildSettings = {
				ASSETCATALOG_COMPILER_APPICON_NAME = AppIcon;
				COMBINE_HIDPI_IMAGES = YES;
				INFOPLIST_FILE = "CTCI-ch3s5/Info.plist";
				LD_RUNPATH_SEARCH_PATHS = "$(inherited) @executable_path/../Frameworks";
				PRODUCT_BUNDLE_IDENTIFIER = "HX.CTCI-ch3s5";
				PRODUCT_NAME = "$(TARGET_NAME)";
			};
			name = Release;
		};
		A9F8C34D1D6301F8004A9895 /* Debug */ = {
			isa = XCBuildConfiguration;
			buildSettings = {
				BUNDLE_LOADER = "$(TEST_HOST)";
				COMBINE_HIDPI_IMAGES = YES;
				INFOPLIST_FILE = "CTCI-ch3s5Tests/Info.plist";
				LD_RUNPATH_SEARCH_PATHS = "$(inherited) @executable_path/../Frameworks @loader_path/../Frameworks";
				PRODUCT_BUNDLE_IDENTIFIER = "HX.CTCI-ch3s5Tests";
				PRODUCT_NAME = "$(TARGET_NAME)";
				TEST_HOST = "$(BUILT_PRODUCTS_DIR)/CTCI-ch3s5.app/Contents/MacOS/CTCI-ch3s5";
			};
			name = Debug;
		};
		A9F8C34E1D6301F8004A9895 /* Release */ = {
			isa = XCBuildConfiguration;
			buildSettings = {
				BUNDLE_LOADER = "$(TEST_HOST)";
				COMBINE_HIDPI_IMAGES = YES;
				INFOPLIST_FILE = "CTCI-ch3s5Tests/Info.plist";
				LD_RUNPATH_SEARCH_PATHS = "$(inherited) @executable_path/../Frameworks @loader_path/../Frameworks";
				PRODUCT_BUNDLE_IDENTIFIER = "HX.CTCI-ch3s5Tests";
				PRODUCT_NAME = "$(TARGET_NAME)";
				TEST_HOST = "$(BUILT_PRODUCTS_DIR)/CTCI-ch3s5.app/Contents/MacOS/CTCI-ch3s5";
			};
			name = Release;
		};
		A9F8C3501D6301F8004A9895 /* Debug */ = {
			isa = XCBuildConfiguration;
			buildSettings = {
				COMBINE_HIDPI_IMAGES = YES;
				INFOPLIST_FILE = "CTCI-ch3s5UITests/Info.plist";
				LD_RUNPATH_SEARCH_PATHS = "$(inherited) @executable_path/../Frameworks @loader_path/../Frameworks";
				PRODUCT_BUNDLE_IDENTIFIER = "HX.CTCI-ch3s5UITests";
				PRODUCT_NAME = "$(TARGET_NAME)";
				TEST_TARGET_NAME = "CTCI-ch3s5";
			};
			name = Debug;
		};
		A9F8C3511D6301F8004A9895 /* Release */ = {
			isa = XCBuildConfiguration;
			buildSettings = {
				COMBINE_HIDPI_IMAGES = YES;
				INFOPLIST_FILE = "CTCI-ch3s5UITests/Info.plist";
				LD_RUNPATH_SEARCH_PATHS = "$(inherited) @executable_path/../Frameworks @loader_path/../Frameworks";
				PRODUCT_BUNDLE_IDENTIFIER = "HX.CTCI-ch3s5UITests";
				PRODUCT_NAME = "$(TARGET_NAME)";
				TEST_TARGET_NAME = "CTCI-ch3s5";
			};
			name = Release;
		};
/* End XCBuildConfiguration section */

/* Begin XCConfigurationList section */
		A9F8C31A1D6301F8004A9895 /* Build configuration list for PBXProject "CTCI-ch3s5" */ = {
			isa = XCConfigurationList;
			buildConfigurations = (
				A9F8C3471D6301F8004A9895 /* Debug */,
				A9F8C3481D6301F8004A9895 /* Release */,
			);
			defaultConfigurationIsVisible = 0;
			defaultConfigurationName = Release;
		};
		A9F8C3491D6301F8004A9895 /* Build configuration list for PBXNativeTarget "CTCI-ch3s5" */ = {
			isa = XCConfigurationList;
			buildConfigurations = (
				A9F8C34A1D6301F8004A9895 /* Debug */,
				A9F8C34B1D6301F8004A9895 /* Release */,
			);
			defaultConfigurationIsVisible = 0;
		};
		A9F8C34C1D6301F8004A9895 /* Build configuration list for PBXNativeTarget "CTCI-ch3s5Tests" */ = {
			isa = XCConfigurationList;
			buildConfigurations = (
				A9F8C34D1D6301F8004A9895 /* Debug */,
				A9F8C34E1D6301F8004A9895 /* Release */,
			);
			defaultConfigurationIsVisible = 0;
		};
		A9F8C34F1D6301F8004A9895 /* Build configuration list for PBXNativeTarget "CTCI-ch3s5UITests" */ = {
			isa = XCConfigurationList;
			buildConfigurations = (
				A9F8C3501D6301F8004A9895 /* Debug */,
				A9F8C3511D6301F8004A9895 /* Release */,
			);
			defaultConfigurationIsVisible = 0;
		};
/* End XCConfigurationList section */
	};
	rootObject = A9F8C3171D6301F8004A9895 /* Project object */;
}
