// !$*UTF8*$!
{
	archiveVersion = 1;
	classes = {
	};
	objectVersion = 46;
	objects = {

/* Begin PBXBuildFile section */
		A9F8C3DE1D641044004A9895 /* AppDelegate.m in Sources */ = {isa = PBXBuildFile; fileRef = A9F8C3DD1D641044004A9895 /* AppDelegate.m */; };
		A9F8C3E41D641044004A9895 /* ViewController.m in Sources */ = {isa = PBXBuildFile; fileRef = A9F8C3E31D641044004A9895 /* ViewController.m */; };
		A9F8C3E61D641044004A9895 /* Assets.xcassets in Resources */ = {isa = PBXBuildFile; fileRef = A9F8C3E51D641044004A9895 /* Assets.xcassets */; };
		A9F8C3E91D641044004A9895 /* Main.storyboard in Resources */ = {isa = PBXBuildFile; fileRef = A9F8C3E71D641044004A9895 /* Main.storyboard */; };
		A9F8C3F41D641044004A9895 /* CTCI_ch3s7_2Tests.m in Sources */ = {isa = PBXBuildFile; fileRef = A9F8C3F31D641044004A9895 /* CTCI_ch3s7_2Tests.m */; };
		A9F8C3FF1D641044004A9895 /* CTCI_ch3s7_2UITests.m in Sources */ = {isa = PBXBuildFile; fileRef = A9F8C3FE1D641044004A9895 /* CTCI_ch3s7_2UITests.m */; };
		A9F8C40D1D641067004A9895 /* main.cpp in Sources */ = {isa = PBXBuildFile; fileRef = A9F8C40C1D641067004A9895 /* main.cpp */; };
/* End PBXBuildFile section */

/* Begin PBXContainerItemProxy section */
		A9F8C3F01D641044004A9895 /* PBXContainerItemProxy */ = {
			isa = PBXContainerItemProxy;
			containerPortal = A9F8C3D11D641044004A9895 /* Project object */;
			proxyType = 1;
			remoteGlobalIDString = A9F8C3D81D641044004A9895;
			remoteInfo = "CTCI-ch3s7-2";
		};
		A9F8C3FB1D641044004A9895 /* PBXContainerItemProxy */ = {
			isa = PBXContainerItemProxy;
			containerPortal = A9F8C3D11D641044004A9895 /* Project object */;
			proxyType = 1;
			remoteGlobalIDString = A9F8C3D81D641044004A9895;
			remoteInfo = "CTCI-ch3s7-2";
		};
/* End PBXContainerItemProxy section */

/* Begin PBXFileReference section */
		A9F8C3D91D641044004A9895 /* CTCI-ch3s7-2.app */ = {isa = PBXFileReference; explicitFileType = wrapper.application; includeInIndex = 0; path = "CTCI-ch3s7-2.app"; sourceTree = BUILT_PRODUCTS_DIR; };
		A9F8C3DC1D641044004A9895 /* AppDelegate.h */ = {isa = PBXFileReference; lastKnownFileType = sourcecode.c.h; path = AppDelegate.h; sourceTree = "<group>"; };
		A9F8C3DD1D641044004A9895 /* AppDelegate.m */ = {isa = PBXFileReference; lastKnownFileType = sourcecode.c.objc; path = AppDelegate.m; sourceTree = "<group>"; };
		A9F8C3E21D641044004A9895 /* ViewController.h */ = {isa = PBXFileReference; lastKnownFileType = sourcecode.c.h; path = ViewController.h; sourceTree = "<group>"; };
		A9F8C3E31D641044004A9895 /* ViewController.m */ = {isa = PBXFileReference; lastKnownFileType = sourcecode.c.objc; path = ViewController.m; sourceTree = "<group>"; };
		A9F8C3E51D641044004A9895 /* Assets.xcassets */ = {isa = PBXFileReference; lastKnownFileType = folder.assetcatalog; path = Assets.xcassets; sourceTree = "<group>"; };
		A9F8C3E81D641044004A9895 /* Base */ = {isa = PBXFileReference; lastKnownFileType = file.storyboard; name = Base; path = Base.lproj/Main.storyboard; sourceTree = "<group>"; };
		A9F8C3EA1D641044004A9895 /* Info.plist */ = {isa = PBXFileReference; lastKnownFileType = text.plist.xml; path = Info.plist; sourceTree = "<group>"; };
		A9F8C3EF1D641044004A9895 /* CTCI-ch3s7-2Tests.xctest */ = {isa = PBXFileReference; explicitFileType = wrapper.cfbundle; includeInIndex = 0; path = "CTCI-ch3s7-2Tests.xctest"; sourceTree = BUILT_PRODUCTS_DIR; };
		A9F8C3F31D641044004A9895 /* CTCI_ch3s7_2Tests.m */ = {isa = PBXFileReference; lastKnownFileType = sourcecode.c.objc; path = CTCI_ch3s7_2Tests.m; sourceTree = "<group>"; };
		A9F8C3F51D641044004A9895 /* Info.plist */ = {isa = PBXFileReference; lastKnownFileType = text.plist.xml; path = Info.plist; sourceTree = "<group>"; };
		A9F8C3FA1D641044004A9895 /* CTCI-ch3s7-2UITests.xctest */ = {isa = PBXFileReference; explicitFileType = wrapper.cfbundle; includeInIndex = 0; path = "CTCI-ch3s7-2UITests.xctest"; sourceTree = BUILT_PRODUCTS_DIR; };
		A9F8C3FE1D641044004A9895 /* CTCI_ch3s7_2UITests.m */ = {isa = PBXFileReference; lastKnownFileType = sourcecode.c.objc; path = CTCI_ch3s7_2UITests.m; sourceTree = "<group>"; };
		A9F8C4001D641044004A9895 /* Info.plist */ = {isa = PBXFileReference; lastKnownFileType = text.plist.xml; path = Info.plist; sourceTree = "<group>"; };
		A9F8C40C1D641067004A9895 /* main.cpp */ = {isa = PBXFileReference; fileEncoding = 4; lastKnownFileType = sourcecode.cpp.cpp; path = main.cpp; sourceTree = "<group>"; };
/* End PBXFileReference section */

/* Begin PBXFrameworksBuildPhase section */
		A9F8C3D61D641044004A9895 /* Frameworks */ = {
			isa = PBXFrameworksBuildPhase;
			buildActionMask = 2147483647;
			files = (
			);
			runOnlyForDeploymentPostprocessing = 0;
		};
		A9F8C3EC1D641044004A9895 /* Frameworks */ = {
			isa = PBXFrameworksBuildPhase;
			buildActionMask = 2147483647;
			files = (
			);
			runOnlyForDeploymentPostprocessing = 0;
		};
		A9F8C3F71D641044004A9895 /* Frameworks */ = {
			isa = PBXFrameworksBuildPhase;
			buildActionMask = 2147483647;
			files = (
			);
			runOnlyForDeploymentPostprocessing = 0;
		};
/* End PBXFrameworksBuildPhase section */

/* Begin PBXGroup section */
		A9F8C3D01D641044004A9895 = {
			isa = PBXGroup;
			children = (
				A9F8C40C1D641067004A9895 /* main.cpp */,
				A9F8C3DB1D641044004A9895 /* CTCI-ch3s7-2 */,
				A9F8C3F21D641044004A9895 /* CTCI-ch3s7-2Tests */,
				A9F8C3FD1D641044004A9895 /* CTCI-ch3s7-2UITests */,
				A9F8C3DA1D641044004A9895 /* Products */,
			);
			sourceTree = "<group>";
		};
		A9F8C3DA1D641044004A9895 /* Products */ = {
			isa = PBXGroup;
			children = (
				A9F8C3D91D641044004A9895 /* CTCI-ch3s7-2.app */,
				A9F8C3EF1D641044004A9895 /* CTCI-ch3s7-2Tests.xctest */,
				A9F8C3FA1D641044004A9895 /* CTCI-ch3s7-2UITests.xctest */,
			);
			name = Products;
			sourceTree = "<group>";
		};
		A9F8C3DB1D641044004A9895 /* CTCI-ch3s7-2 */ = {
			isa = PBXGroup;
			children = (
				A9F8C3DC1D641044004A9895 /* AppDelegate.h */,
				A9F8C3DD1D641044004A9895 /* AppDelegate.m */,
				A9F8C3E21D641044004A9895 /* ViewController.h */,
				A9F8C3E31D641044004A9895 /* ViewController.m */,
				A9F8C3E51D641044004A9895 /* Assets.xcassets */,
				A9F8C3E71D641044004A9895 /* Main.storyboard */,
				A9F8C3EA1D641044004A9895 /* Info.plist */,
				A9F8C3DF1D641044004A9895 /* Supporting Files */,
			);
			path = "CTCI-ch3s7-2";
			sourceTree = "<group>";
		};
		A9F8C3DF1D641044004A9895 /* Supporting Files */ = {
			isa = PBXGroup;
			children = (
			);
			name = "Supporting Files";
			sourceTree = "<group>";
		};
		A9F8C3F21D641044004A9895 /* CTCI-ch3s7-2Tests */ = {
			isa = PBXGroup;
			children = (
				A9F8C3F31D641044004A9895 /* CTCI_ch3s7_2Tests.m */,
				A9F8C3F51D641044004A9895 /* Info.plist */,
			);
			path = "CTCI-ch3s7-2Tests";
			sourceTree = "<group>";
		};
		A9F8C3FD1D641044004A9895 /* CTCI-ch3s7-2UITests */ = {
			isa = PBXGroup;
			children = (
				A9F8C3FE1D641044004A9895 /* CTCI_ch3s7_2UITests.m */,
				A9F8C4001D641044004A9895 /* Info.plist */,
			);
			path = "CTCI-ch3s7-2UITests";
			sourceTree = "<group>";
		};
/* End PBXGroup section */

/* Begin PBXNativeTarget section */
		A9F8C3D81D641044004A9895 /* CTCI-ch3s7-2 */ = {
			isa = PBXNativeTarget;
			buildConfigurationList = A9F8C4031D641044004A9895 /* Build configuration list for PBXNativeTarget "CTCI-ch3s7-2" */;
			buildPhases = (
				A9F8C3D51D641044004A9895 /* Sources */,
				A9F8C3D61D641044004A9895 /* Frameworks */,
				A9F8C3D71D641044004A9895 /* Resources */,
			);
			buildRules = (
			);
			dependencies = (
			);
			name = "CTCI-ch3s7-2";
			productName = "CTCI-ch3s7-2";
			productReference = A9F8C3D91D641044004A9895 /* CTCI-ch3s7-2.app */;
			productType = "com.apple.product-type.application";
		};
		A9F8C3EE1D641044004A9895 /* CTCI-ch3s7-2Tests */ = {
			isa = PBXNativeTarget;
			buildConfigurationList = A9F8C4061D641044004A9895 /* Build configuration list for PBXNativeTarget "CTCI-ch3s7-2Tests" */;
			buildPhases = (
				A9F8C3EB1D641044004A9895 /* Sources */,
				A9F8C3EC1D641044004A9895 /* Frameworks */,
				A9F8C3ED1D641044004A9895 /* Resources */,
			);
			buildRules = (
			);
			dependencies = (
				A9F8C3F11D641044004A9895 /* PBXTargetDependency */,
			);
			name = "CTCI-ch3s7-2Tests";
			productName = "CTCI-ch3s7-2Tests";
			productReference = A9F8C3EF1D641044004A9895 /* CTCI-ch3s7-2Tests.xctest */;
			productType = "com.apple.product-type.bundle.unit-test";
		};
		A9F8C3F91D641044004A9895 /* CTCI-ch3s7-2UITests */ = {
			isa = PBXNativeTarget;
			buildConfigurationList = A9F8C4091D641044004A9895 /* Build configuration list for PBXNativeTarget "CTCI-ch3s7-2UITests" */;
			buildPhases = (
				A9F8C3F61D641044004A9895 /* Sources */,
				A9F8C3F71D641044004A9895 /* Frameworks */,
				A9F8C3F81D641044004A9895 /* Resources */,
			);
			buildRules = (
			);
			dependencies = (
				A9F8C3FC1D641044004A9895 /* PBXTargetDependency */,
			);
			name = "CTCI-ch3s7-2UITests";
			productName = "CTCI-ch3s7-2UITests";
			productReference = A9F8C3FA1D641044004A9895 /* CTCI-ch3s7-2UITests.xctest */;
			productType = "com.apple.product-type.bundle.ui-testing";
		};
/* End PBXNativeTarget section */

/* Begin PBXProject section */
		A9F8C3D11D641044004A9895 /* Project object */ = {
			isa = PBXProject;
			attributes = {
				LastUpgradeCheck = 0730;
				ORGANIZATIONNAME = EllenHu;
				TargetAttributes = {
					A9F8C3D81D641044004A9895 = {
						CreatedOnToolsVersion = 7.3.1;
					};
					A9F8C3EE1D641044004A9895 = {
						CreatedOnToolsVersion = 7.3.1;
						TestTargetID = A9F8C3D81D641044004A9895;
					};
					A9F8C3F91D641044004A9895 = {
						CreatedOnToolsVersion = 7.3.1;
						TestTargetID = A9F8C3D81D641044004A9895;
					};
				};
			};
			buildConfigurationList = A9F8C3D41D641044004A9895 /* Build configuration list for PBXProject "CTCI-ch3s7-2" */;
			compatibilityVersion = "Xcode 3.2";
			developmentRegion = English;
			hasScannedForEncodings = 0;
			knownRegions = (
				en,
				Base,
			);
			mainGroup = A9F8C3D01D641044004A9895;
			productRefGroup = A9F8C3DA1D641044004A9895 /* Products */;
			projectDirPath = "";
			projectRoot = "";
			targets = (
				A9F8C3D81D641044004A9895 /* CTCI-ch3s7-2 */,
				A9F8C3EE1D641044004A9895 /* CTCI-ch3s7-2Tests */,
				A9F8C3F91D641044004A9895 /* CTCI-ch3s7-2UITests */,
			);
		};
/* End PBXProject section */

/* Begin PBXResourcesBuildPhase section */
		A9F8C3D71D641044004A9895 /* Resources */ = {
			isa = PBXResourcesBuildPhase;
			buildActionMask = 2147483647;
			files = (
				A9F8C3E61D641044004A9895 /* Assets.xcassets in Resources */,
				A9F8C3E91D641044004A9895 /* Main.storyboard in Resources */,
			);
			runOnlyForDeploymentPostprocessing = 0;
		};
		A9F8C3ED1D641044004A9895 /* Resources */ = {
			isa = PBXResourcesBuildPhase;
			buildActionMask = 2147483647;
			files = (
			);
			runOnlyForDeploymentPostprocessing = 0;
		};
		A9F8C3F81D641044004A9895 /* Resources */ = {
			isa = PBXResourcesBuildPhase;
			buildActionMask = 2147483647;
			files = (
			);
			runOnlyForDeploymentPostprocessing = 0;
		};
/* End PBXResourcesBuildPhase section */

/* Begin PBXSourcesBuildPhase section */
		A9F8C3D51D641044004A9895 /* Sources */ = {
			isa = PBXSourcesBuildPhase;
			buildActionMask = 2147483647;
			files = (
				A9F8C3E41D641044004A9895 /* ViewController.m in Sources */,
				A9F8C3DE1D641044004A9895 /* AppDelegate.m in Sources */,
				A9F8C40D1D641067004A9895 /* main.cpp in Sources */,
			);
			runOnlyForDeploymentPostprocessing = 0;
		};
		A9F8C3EB1D641044004A9895 /* Sources */ = {
			isa = PBXSourcesBuildPhase;
			buildActionMask = 2147483647;
			files = (
				A9F8C3F41D641044004A9895 /* CTCI_ch3s7_2Tests.m in Sources */,
			);
			runOnlyForDeploymentPostprocessing = 0;
		};
		A9F8C3F61D641044004A9895 /* Sources */ = {
			isa = PBXSourcesBuildPhase;
			buildActionMask = 2147483647;
			files = (
				A9F8C3FF1D641044004A9895 /* CTCI_ch3s7_2UITests.m in Sources */,
			);
			runOnlyForDeploymentPostprocessing = 0;
		};
/* End PBXSourcesBuildPhase section */

/* Begin PBXTargetDependency section */
		A9F8C3F11D641044004A9895 /* PBXTargetDependency */ = {
			isa = PBXTargetDependency;
			target = A9F8C3D81D641044004A9895 /* CTCI-ch3s7-2 */;
			targetProxy = A9F8C3F01D641044004A9895 /* PBXContainerItemProxy */;
		};
		A9F8C3FC1D641044004A9895 /* PBXTargetDependency */ = {
			isa = PBXTargetDependency;
			target = A9F8C3D81D641044004A9895 /* CTCI-ch3s7-2 */;
			targetProxy = A9F8C3FB1D641044004A9895 /* PBXContainerItemProxy */;
		};
/* End PBXTargetDependency section */

/* Begin PBXVariantGroup section */
		A9F8C3E71D641044004A9895 /* Main.storyboard */ = {
			isa = PBXVariantGroup;
			children = (
				A9F8C3E81D641044004A9895 /* Base */,
			);
			name = Main.storyboard;
			sourceTree = "<group>";
		};
/* End PBXVariantGroup section */

/* Begin XCBuildConfiguration section */
		A9F8C4011D641044004A9895 /* Debug */ = {
			isa = XCBuildConfiguration;
			buildSettings = {
				ALWAYS_SEARCH_USER_PATHS = NO;
				CLANG_ANALYZER_NONNULL = YES;
				CLANG_CXX_LANGUAGE_STANDARD = "gnu++0x";
				CLANG_CXX_LIBRARY = "libc++";
				CLANG_ENABLE_MODULES = YES;
				CLANG_ENABLE_OBJC_ARC = YES;
				CLANG_WARN_BOOL_CONVERSION = YES;
				CLANG_WARN_CONSTANT_CONVERSION = YES;
				CLANG_WARN_DIRECT_OBJC_ISA_USAGE = YES_ERROR;
				CLANG_WARN_EMPTY_BODY = YES;
				CLANG_WARN_ENUM_CONVERSION = YES;
				CLANG_WARN_INT_CONVERSION = YES;
				CLANG_WARN_OBJC_ROOT_CLASS = YES_ERROR;
				CLANG_WARN_UNREACHABLE_CODE = YES;
				CLANG_WARN__DUPLICATE_METHOD_MATCH = YES;
				CODE_SIGN_IDENTITY = "-";
				COPY_PHASE_STRIP = NO;
				DEBUG_INFORMATION_FORMAT = dwarf;
				ENABLE_STRICT_OBJC_MSGSEND = YES;
				ENABLE_TESTABILITY = YES;
				GCC_C_LANGUAGE_STANDARD = gnu99;
				GCC_DYNAMIC_NO_PIC = NO;
				GCC_NO_COMMON_BLOCKS = YES;
				GCC_OPTIMIZATION_LEVEL = 0;
				GCC_PREPROCESSOR_DEFINITIONS = (
					"DEBUG=1",
					"$(inherited)",
				);
				GCC_WARN_64_TO_32_BIT_CONVERSION = YES;
				GCC_WARN_ABOUT_RETURN_TYPE = YES_ERROR;
				GCC_WARN_UNDECLARED_SELECTOR = YES;
				GCC_WARN_UNINITIALIZED_AUTOS = YES_AGGRESSIVE;
				GCC_WARN_UNUSED_FUNCTION = YES;
				GCC_WARN_UNUSED_VARIABLE = YES;
				MACOSX_DEPLOYMENT_TARGET = 10.11;
				MTL_ENABLE_DEBUG_INFO = YES;
				ONLY_ACTIVE_ARCH = YES;
				SDKROOT = macosx;
			};
			name = Debug;
		};
		A9F8C4021D641044004A9895 /* Release */ = {
			isa = XCBuildConfiguration;
			buildSettings = {
				ALWAYS_SEARCH_USER_PATHS = NO;
				CLANG_ANALYZER_NONNULL = YES;
				CLANG_CXX_LANGUAGE_STANDARD = "gnu++0x";
				CLANG_CXX_LIBRARY = "libc++";
				CLANG_ENABLE_MODULES = YES;
				CLANG_ENABLE_OBJC_ARC = YES;
				CLANG_WARN_BOOL_CONVERSION = YES;
				CLANG_WARN_CONSTANT_CONVERSION = YES;
				CLANG_WARN_DIRECT_OBJC_ISA_USAGE = YES_ERROR;
				CLANG_WARN_EMPTY_BODY = YES;
				CLANG_WARN_ENUM_CONVERSION = YES;
				CLANG_WARN_INT_CONVERSION = YES;
				CLANG_WARN_OBJC_ROOT_CLASS = YES_ERROR;
				CLANG_WARN_UNREACHABLE_CODE = YES;
				CLANG_WARN__DUPLICATE_METHOD_MATCH = YES;
				CODE_SIGN_IDENTITY = "-";
				COPY_PHASE_STRIP = NO;
				DEBUG_INFORMATION_FORMAT = "dwarf-with-dsym";
				ENABLE_NS_ASSERTIONS = NO;
				ENABLE_STRICT_OBJC_MSGSEND = YES;
				GCC_C_LANGUAGE_STANDARD = gnu99;
				GCC_NO_COMMON_BLOCKS = YES;
				GCC_WARN_64_TO_32_BIT_CONVERSION = YES;
				GCC_WARN_ABOUT_RETURN_TYPE = YES_ERROR;
				GCC_WARN_UNDECLARED_SELECTOR = YES;
				GCC_WARN_UNINITIALIZED_AUTOS = YES_AGGRESSIVE;
				GCC_WARN_UNUSED_FUNCTION = YES;
				GCC_WARN_UNUSED_VARIABLE = YES;
				MACOSX_DEPLOYMENT_TARGET = 10.11;
				MTL_ENABLE_DEBUG_INFO = NO;
				SDKROOT = macosx;
			};
			name = Release;
		};
		A9F8C4041D641044004A9895 /* Debug */ = {
			isa = XCBuildConfiguration;
			buildSettings = {
				ASSETCATALOG_COMPILER_APPICON_NAME = AppIcon;
				COMBINE_HIDPI_IMAGES = YES;
				INFOPLIST_FILE = "CTCI-ch3s7-2/Info.plist";
				LD_RUNPATH_SEARCH_PATHS = "$(inherited) @executable_path/../Frameworks";
				PRODUCT_BUNDLE_IDENTIFIER = "HX.CTCI-ch3s7-2";
				PRODUCT_NAME = "$(TARGET_NAME)";
			};
			name = Debug;
		};
		A9F8C4051D641044004A9895 /* Release */ = {
			isa = XCBuildConfiguration;
			buildSettings = {
				ASSETCATALOG_COMPILER_APPICON_NAME = AppIcon;
				COMBINE_HIDPI_IMAGES = YES;
				INFOPLIST_FILE = "CTCI-ch3s7-2/Info.plist";
				LD_RUNPATH_SEARCH_PATHS = "$(inherited) @executable_path/../Frameworks";
				PRODUCT_BUNDLE_IDENTIFIER = "HX.CTCI-ch3s7-2";
				PRODUCT_NAME = "$(TARGET_NAME)";
			};
			name = Release;
		};
		A9F8C4071D641044004A9895 /* Debug */ = {
			isa = XCBuildConfiguration;
			buildSettings = {
				BUNDLE_LOADER = "$(TEST_HOST)";
				COMBINE_HIDPI_IMAGES = YES;
				INFOPLIST_FILE = "CTCI-ch3s7-2Tests/Info.plist";
				LD_RUNPATH_SEARCH_PATHS = "$(inherited) @executable_path/../Frameworks @loader_path/../Frameworks";
				PRODUCT_BUNDLE_IDENTIFIER = "HX.CTCI-ch3s7-2Tests";
				PRODUCT_NAME = "$(TARGET_NAME)";
				TEST_HOST = "$(BUILT_PRODUCTS_DIR)/CTCI-ch3s7-2.app/Contents/MacOS/CTCI-ch3s7-2";
			};
			name = Debug;
		};
		A9F8C4081D641044004A9895 /* Release */ = {
			isa = XCBuildConfiguration;
			buildSettings = {
				BUNDLE_LOADER = "$(TEST_HOST)";
				COMBINE_HIDPI_IMAGES = YES;
				INFOPLIST_FILE = "CTCI-ch3s7-2Tests/Info.plist";
				LD_RUNPATH_SEARCH_PATHS = "$(inherited) @executable_path/../Frameworks @loader_path/../Frameworks";
				PRODUCT_BUNDLE_IDENTIFIER = "HX.CTCI-ch3s7-2Tests";
				PRODUCT_NAME = "$(TARGET_NAME)";
				TEST_HOST = "$(BUILT_PRODUCTS_DIR)/CTCI-ch3s7-2.app/Contents/MacOS/CTCI-ch3s7-2";
			};
			name = Release;
		};
		A9F8C40A1D641044004A9895 /* Debug */ = {
			isa = XCBuildConfiguration;
			buildSettings = {
				COMBINE_HIDPI_IMAGES = YES;
				INFOPLIST_FILE = "CTCI-ch3s7-2UITests/Info.plist";
				LD_RUNPATH_SEARCH_PATHS = "$(inherited) @executable_path/../Frameworks @loader_path/../Frameworks";
				PRODUCT_BUNDLE_IDENTIFIER = "HX.CTCI-ch3s7-2UITests";
				PRODUCT_NAME = "$(TARGET_NAME)";
				TEST_TARGET_NAME = "CTCI-ch3s7-2";
			};
			name = Debug;
		};
		A9F8C40B1D641044004A9895 /* Release */ = {
			isa = XCBuildConfiguration;
			buildSettings = {
				COMBINE_HIDPI_IMAGES = YES;
				INFOPLIST_FILE = "CTCI-ch3s7-2UITests/Info.plist";
				LD_RUNPATH_SEARCH_PATHS = "$(inherited) @executable_path/../Frameworks @loader_path/../Frameworks";
				PRODUCT_BUNDLE_IDENTIFIER = "HX.CTCI-ch3s7-2UITests";
				PRODUCT_NAME = "$(TARGET_NAME)";
				TEST_TARGET_NAME = "CTCI-ch3s7-2";
			};
			name = Release;
		};
/* End XCBuildConfiguration section */

/* Begin XCConfigurationList section */
		A9F8C3D41D641044004A9895 /* Build configuration list for PBXProject "CTCI-ch3s7-2" */ = {
			isa = XCConfigurationList;
			buildConfigurations = (
				A9F8C4011D641044004A9895 /* Debug */,
				A9F8C4021D641044004A9895 /* Release */,
			);
			defaultConfigurationIsVisible = 0;
			defaultConfigurationName = Release;
		};
		A9F8C4031D641044004A9895 /* Build configuration list for PBXNativeTarget "CTCI-ch3s7-2" */ = {
			isa = XCConfigurationList;
			buildConfigurations = (
				A9F8C4041D641044004A9895 /* Debug */,
				A9F8C4051D641044004A9895 /* Release */,
			);
			defaultConfigurationIsVisible = 0;
		};
		A9F8C4061D641044004A9895 /* Build configuration list for PBXNativeTarget "CTCI-ch3s7-2Tests" */ = {
			isa = XCConfigurationList;
			buildConfigurations = (
				A9F8C4071D641044004A9895 /* Debug */,
				A9F8C4081D641044004A9895 /* Release */,
			);
			defaultConfigurationIsVisible = 0;
		};
		A9F8C4091D641044004A9895 /* Build configuration list for PBXNativeTarget "CTCI-ch3s7-2UITests" */ = {
			isa = XCConfigurationList;
			buildConfigurations = (
				A9F8C40A1D641044004A9895 /* Debug */,
				A9F8C40B1D641044004A9895 /* Release */,
			);
			defaultConfigurationIsVisible = 0;
		};
/* End XCConfigurationList section */
	};
	rootObject = A9F8C3D11D641044004A9895 /* Project object */;
}
